// !$*UTF8*$!
{
	archiveVersion = 1;
	classes = {
	};
	objectVersion = 56;
	objects = {

/* Begin PBXBuildFile section */
		6830A6052B9A6A380078918F /* SampleOnnxTrainerApp.swift in Sources */ = {isa = PBXBuildFile; fileRef = 6830A6042B9A6A380078918F /* SampleOnnxTrainerApp.swift */; };
		6830A6072B9A6A380078918F /* ContentView.swift in Sources */ = {isa = PBXBuildFile; fileRef = 6830A6062B9A6A380078918F /* ContentView.swift */; };
		6830A6092B9A6A390078918F /* Assets.xcassets in Resources */ = {isa = PBXBuildFile; fileRef = 6830A6082B9A6A390078918F /* Assets.xcassets */; };
		6830A60C2B9A6A390078918F /* Preview Assets.xcassets in Resources */ = {isa = PBXBuildFile; fileRef = 6830A60B2B9A6A390078918F /* Preview Assets.xcassets */; };
		6830A6162B9A6DFC0078918F /* OnnxTrainingRunner.swift in Sources */ = {isa = PBXBuildFile; fileRef = 6830A6152B9A6DFC0078918F /* OnnxTrainingRunner.swift */; };
		6830A6182B9A6E300078918F /* OnnxToolkit.swift in Sources */ = {isa = PBXBuildFile; fileRef = 6830A6172B9A6E300078918F /* OnnxToolkit.swift */; };
		6830A61A2B9A6E8A0078918F /* OnnxErrors.swift in Sources */ = {isa = PBXBuildFile; fileRef = 6830A6192B9A6E8A0078918F /* OnnxErrors.swift */; };
		6830A6252B9A73C70078918F /* rtu_eval_model.ort in Resources */ = {isa = PBXBuildFile; fileRef = 6830A6202B9A73C70078918F /* rtu_eval_model.ort */; };
		6830A6262B9A73C70078918F /* rtu_training_model.ort in Resources */ = {isa = PBXBuildFile; fileRef = 6830A6212B9A73C70078918F /* rtu_training_model.ort */; };
		6830A6272B9A73C70078918F /* rtu_features.csv in Resources */ = {isa = PBXBuildFile; fileRef = 6830A6222B9A73C70078918F /* rtu_features.csv */; };
		6830A6282B9A73C70078918F /* rtu_checkpoint.ckpt in Resources */ = {isa = PBXBuildFile; fileRef = 6830A6232B9A73C70078918F /* rtu_checkpoint.ckpt */; };
		6830A6292B9A73C70078918F /* rtu_optimizer_model.ort in Resources */ = {isa = PBXBuildFile; fileRef = 6830A6242B9A73C70078918F /* rtu_optimizer_model.ort */; };
		AFC70BA19F990D3686820BEF /* Pods_SampleOnnxTrainer.framework in Frameworks */ = {isa = PBXBuildFile; fileRef = 9667C3CE32414FD30163E024 /* Pods_SampleOnnxTrainer.framework */; };
		B5BB6F752BBF543D00C8D2E7 /* OnnxInferenceRunner.swift in Sources */ = {isa = PBXBuildFile; fileRef = B5BB6F742BBF543D00C8D2E7 /* OnnxInferenceRunner.swift */; };
		B5BD34802BC093E6005BE7CA /* silhouette_required_operators.config in Resources */ = {isa = PBXBuildFile; fileRef = B5BD347A2BC093E6005BE7CA /* silhouette_required_operators.config */; };
		B5BD34812BC093E6005BE7CA /* silhouette_checkpoint.ckpt in Resources */ = {isa = PBXBuildFile; fileRef = B5BD347B2BC093E6005BE7CA /* silhouette_checkpoint.ckpt */; };
		B5BD34822BC093E6005BE7CA /* silhouette_optimizer_model.ort in Resources */ = {isa = PBXBuildFile; fileRef = B5BD347C2BC093E6005BE7CA /* silhouette_optimizer_model.ort */; };
		B5BD34832BC093E6005BE7CA /* silhouette_eval_model.ort in Resources */ = {isa = PBXBuildFile; fileRef = B5BD347D2BC093E6005BE7CA /* silhouette_eval_model.ort */; };
		B5BD34842BC093E6005BE7CA /* silhouette_training_model.ort in Resources */ = {isa = PBXBuildFile; fileRef = B5BD347E2BC093E6005BE7CA /* silhouette_training_model.ort */; };
		B5BD34852BC093E6005BE7CA /* silhouette_features.csv in Resources */ = {isa = PBXBuildFile; fileRef = B5BD347F2BC093E6005BE7CA /* silhouette_features.csv */; };
/* End PBXBuildFile section */

/* Begin PBXFileReference section */
		01004B2750881F8A0030C333 /* Pods-SampleOnnxTrainer.debug.xcconfig */ = {isa = PBXFileReference; includeInIndex = 1; lastKnownFileType = text.xcconfig; name = "Pods-SampleOnnxTrainer.debug.xcconfig"; path = "Target Support Files/Pods-SampleOnnxTrainer/Pods-SampleOnnxTrainer.debug.xcconfig"; sourceTree = "<group>"; };
		6830A6012B9A6A380078918F /* SampleOnnxTrainer.app */ = {isa = PBXFileReference; explicitFileType = wrapper.application; includeInIndex = 0; path = SampleOnnxTrainer.app; sourceTree = BUILT_PRODUCTS_DIR; };
		6830A6042B9A6A380078918F /* SampleOnnxTrainerApp.swift */ = {isa = PBXFileReference; lastKnownFileType = sourcecode.swift; path = SampleOnnxTrainerApp.swift; sourceTree = "<group>"; };
		6830A6062B9A6A380078918F /* ContentView.swift */ = {isa = PBXFileReference; lastKnownFileType = sourcecode.swift; path = ContentView.swift; sourceTree = "<group>"; };
		6830A6082B9A6A390078918F /* Assets.xcassets */ = {isa = PBXFileReference; lastKnownFileType = folder.assetcatalog; path = Assets.xcassets; sourceTree = "<group>"; };
		6830A60B2B9A6A390078918F /* Preview Assets.xcassets */ = {isa = PBXFileReference; lastKnownFileType = folder.assetcatalog; path = "Preview Assets.xcassets"; sourceTree = "<group>"; };
		6830A6152B9A6DFC0078918F /* OnnxTrainingRunner.swift */ = {isa = PBXFileReference; lastKnownFileType = sourcecode.swift; path = OnnxTrainingRunner.swift; sourceTree = "<group>"; };
		6830A6172B9A6E300078918F /* OnnxToolkit.swift */ = {isa = PBXFileReference; lastKnownFileType = sourcecode.swift; path = OnnxToolkit.swift; sourceTree = "<group>"; };
		6830A6192B9A6E8A0078918F /* OnnxErrors.swift */ = {isa = PBXFileReference; lastKnownFileType = sourcecode.swift; path = OnnxErrors.swift; sourceTree = "<group>"; };
		6830A6202B9A73C70078918F /* rtu_eval_model.ort */ = {isa = PBXFileReference; lastKnownFileType = file; path = rtu_eval_model.ort; sourceTree = "<group>"; };
		6830A6212B9A73C70078918F /* rtu_training_model.ort */ = {isa = PBXFileReference; lastKnownFileType = file; path = rtu_training_model.ort; sourceTree = "<group>"; };
		6830A6222B9A73C70078918F /* rtu_features.csv */ = {isa = PBXFileReference; fileEncoding = 4; lastKnownFileType = text; path = rtu_features.csv; sourceTree = "<group>"; };
		6830A6232B9A73C70078918F /* rtu_checkpoint.ckpt */ = {isa = PBXFileReference; lastKnownFileType = file; path = rtu_checkpoint.ckpt; sourceTree = "<group>"; };
		6830A6242B9A73C70078918F /* rtu_optimizer_model.ort */ = {isa = PBXFileReference; lastKnownFileType = file; path = rtu_optimizer_model.ort; sourceTree = "<group>"; };
		9667C3CE32414FD30163E024 /* Pods_SampleOnnxTrainer.framework */ = {isa = PBXFileReference; explicitFileType = wrapper.framework; includeInIndex = 0; path = Pods_SampleOnnxTrainer.framework; sourceTree = BUILT_PRODUCTS_DIR; };
		B5BB6F742BBF543D00C8D2E7 /* OnnxInferenceRunner.swift */ = {isa = PBXFileReference; fileEncoding = 4; lastKnownFileType = sourcecode.swift; path = OnnxInferenceRunner.swift; sourceTree = "<group>"; };
		B5BD347A2BC093E6005BE7CA /* silhouette_required_operators.config */ = {isa = PBXFileReference; fileEncoding = 4; lastKnownFileType = text; path = silhouette_required_operators.config; sourceTree = "<group>"; };
		B5BD347B2BC093E6005BE7CA /* silhouette_checkpoint.ckpt */ = {isa = PBXFileReference; lastKnownFileType = file; path = silhouette_checkpoint.ckpt; sourceTree = "<group>"; };
		B5BD347C2BC093E6005BE7CA /* silhouette_optimizer_model.ort */ = {isa = PBXFileReference; lastKnownFileType = file; path = silhouette_optimizer_model.ort; sourceTree = "<group>"; };
		B5BD347D2BC093E6005BE7CA /* silhouette_eval_model.ort */ = {isa = PBXFileReference; lastKnownFileType = file; path = silhouette_eval_model.ort; sourceTree = "<group>"; };
		B5BD347E2BC093E6005BE7CA /* silhouette_training_model.ort */ = {isa = PBXFileReference; lastKnownFileType = file; path = silhouette_training_model.ort; sourceTree = "<group>"; };
		B5BD347F2BC093E6005BE7CA /* silhouette_features.csv */ = {isa = PBXFileReference; fileEncoding = 4; lastKnownFileType = text; path = silhouette_features.csv; sourceTree = "<group>"; };
		F4ACDF29E8DBFEE3C1859558 /* Pods-SampleOnnxTrainer.release.xcconfig */ = {isa = PBXFileReference; includeInIndex = 1; lastKnownFileType = text.xcconfig; name = "Pods-SampleOnnxTrainer.release.xcconfig"; path = "Target Support Files/Pods-SampleOnnxTrainer/Pods-SampleOnnxTrainer.release.xcconfig"; sourceTree = "<group>"; };
/* End PBXFileReference section */

/* Begin PBXFrameworksBuildPhase section */
		6830A5FE2B9A6A380078918F /* Frameworks */ = {
			isa = PBXFrameworksBuildPhase;
			buildActionMask = 2147483647;
			files = (
				AFC70BA19F990D3686820BEF /* Pods_SampleOnnxTrainer.framework in Frameworks */,
			);
			runOnlyForDeploymentPostprocessing = 0;
		};
/* End PBXFrameworksBuildPhase section */

/* Begin PBXGroup section */
		6830A5F82B9A6A380078918F = {
			isa = PBXGroup;
			children = (
				6830A6032B9A6A380078918F /* SampleOnnxTrainer */,
				6830A6022B9A6A380078918F /* Products */,
				F57F86162BC8DBEF49033F46 /* Pods */,
				A450857E3E3B7BE61E59753B /* Frameworks */,
			);
			sourceTree = "<group>";
		};
		6830A6022B9A6A380078918F /* Products */ = {
			isa = PBXGroup;
			children = (
				6830A6012B9A6A380078918F /* SampleOnnxTrainer.app */,
			);
			name = Products;
			sourceTree = "<group>";
		};
		6830A6032B9A6A380078918F /* SampleOnnxTrainer */ = {
			isa = PBXGroup;
			children = (
				B533C2762BBDD142008D377A /* SilhouetteModels */,
				6830A61F2B9A72C90078918F /* OnnxModels */,
				6830A6142B9A6DE20078918F /* OnnxWrappers */,
				6830A6042B9A6A380078918F /* SampleOnnxTrainerApp.swift */,
				6830A6062B9A6A380078918F /* ContentView.swift */,
				6830A6082B9A6A390078918F /* Assets.xcassets */,
				6830A60A2B9A6A390078918F /* Preview Content */,
			);
			path = SampleOnnxTrainer;
			sourceTree = "<group>";
		};
		6830A60A2B9A6A390078918F /* Preview Content */ = {
			isa = PBXGroup;
			children = (
				6830A60B2B9A6A390078918F /* Preview Assets.xcassets */,
			);
			path = "Preview Content";
			sourceTree = "<group>";
		};
		6830A6142B9A6DE20078918F /* OnnxWrappers */ = {
			isa = PBXGroup;
			children = (
				B5BB6F742BBF543D00C8D2E7 /* OnnxInferenceRunner.swift */,
				6830A6152B9A6DFC0078918F /* OnnxTrainingRunner.swift */,
				6830A6172B9A6E300078918F /* OnnxToolkit.swift */,
				6830A6192B9A6E8A0078918F /* OnnxErrors.swift */,
			);
			path = OnnxWrappers;
			sourceTree = "<group>";
		};
		6830A61F2B9A72C90078918F /* OnnxModels */ = {
			isa = PBXGroup;
			children = (
				6830A6232B9A73C70078918F /* rtu_checkpoint.ckpt */,
				6830A6202B9A73C70078918F /* rtu_eval_model.ort */,
				6830A6222B9A73C70078918F /* rtu_features.csv */,
				6830A6242B9A73C70078918F /* rtu_optimizer_model.ort */,
				6830A6212B9A73C70078918F /* rtu_training_model.ort */,
			);
			path = OnnxModels;
			sourceTree = "<group>";
		};
		A450857E3E3B7BE61E59753B /* Frameworks */ = {
			isa = PBXGroup;
			children = (
				9667C3CE32414FD30163E024 /* Pods_SampleOnnxTrainer.framework */,
			);
			name = Frameworks;
			sourceTree = "<group>";
		};
		B533C2762BBDD142008D377A /* SilhouetteModels */ = {
			isa = PBXGroup;
			children = (
				B5BD347B2BC093E6005BE7CA /* silhouette_checkpoint.ckpt */,
				B5BD347D2BC093E6005BE7CA /* silhouette_eval_model.ort */,
				B5BD347F2BC093E6005BE7CA /* silhouette_features.csv */,
				B5BD347C2BC093E6005BE7CA /* silhouette_optimizer_model.ort */,
				B5BD347A2BC093E6005BE7CA /* silhouette_required_operators.config */,
				B5BD347E2BC093E6005BE7CA /* silhouette_training_model.ort */,
			);
			path = SilhouetteModels;
			sourceTree = "<group>";
		};
		F57F86162BC8DBEF49033F46 /* Pods */ = {
			isa = PBXGroup;
			children = (
				01004B2750881F8A0030C333 /* Pods-SampleOnnxTrainer.debug.xcconfig */,
				F4ACDF29E8DBFEE3C1859558 /* Pods-SampleOnnxTrainer.release.xcconfig */,
			);
			path = Pods;
			sourceTree = "<group>";
		};
/* End PBXGroup section */

/* Begin PBXNativeTarget section */
		6830A6002B9A6A380078918F /* SampleOnnxTrainer */ = {
			isa = PBXNativeTarget;
			buildConfigurationList = 6830A60F2B9A6A390078918F /* Build configuration list for PBXNativeTarget "SampleOnnxTrainer" */;
			buildPhases = (
				4DEA515F89DF94C92737EFE8 /* [CP] Check Pods Manifest.lock */,
				6830A5FD2B9A6A380078918F /* Sources */,
				6830A5FE2B9A6A380078918F /* Frameworks */,
				6830A5FF2B9A6A380078918F /* Resources */,
			);
			buildRules = (
			);
			dependencies = (
			);
			name = SampleOnnxTrainer;
			productName = SampleOnnxTrainer;
			productReference = 6830A6012B9A6A380078918F /* SampleOnnxTrainer.app */;
			productType = "com.apple.product-type.application";
		};
/* End PBXNativeTarget section */

/* Begin PBXProject section */
		6830A5F92B9A6A380078918F /* Project object */ = {
			isa = PBXProject;
			attributes = {
				BuildIndependentTargetsInParallel = 1;
				LastSwiftUpdateCheck = 1500;
				LastUpgradeCheck = 1500;
				TargetAttributes = {
					6830A6002B9A6A380078918F = {
						CreatedOnToolsVersion = 15.0;
					};
				};
			};
			buildConfigurationList = 6830A5FC2B9A6A380078918F /* Build configuration list for PBXProject "SampleOnnxTrainer" */;
			compatibilityVersion = "Xcode 14.0";
			developmentRegion = en;
			hasScannedForEncodings = 0;
			knownRegions = (
				en,
				Base,
			);
			mainGroup = 6830A5F82B9A6A380078918F;
			productRefGroup = 6830A6022B9A6A380078918F /* Products */;
			projectDirPath = "";
			projectRoot = "";
			targets = (
				6830A6002B9A6A380078918F /* SampleOnnxTrainer */,
			);
		};
/* End PBXProject section */

/* Begin PBXResourcesBuildPhase section */
		6830A5FF2B9A6A380078918F /* Resources */ = {
			isa = PBXResourcesBuildPhase;
			buildActionMask = 2147483647;
			files = (
				B5BD34812BC093E6005BE7CA /* silhouette_checkpoint.ckpt in Resources */,
				B5BD34852BC093E6005BE7CA /* silhouette_features.csv in Resources */,
				B5BD34842BC093E6005BE7CA /* silhouette_training_model.ort in Resources */,
				6830A6272B9A73C70078918F /* rtu_features.csv in Resources */,
				B5BD34802BC093E6005BE7CA /* silhouette_required_operators.config in Resources */,
				6830A60C2B9A6A390078918F /* Preview Assets.xcassets in Resources */,
				B5BD34832BC093E6005BE7CA /* silhouette_eval_model.ort in Resources */,
				B5BD34822BC093E6005BE7CA /* silhouette_optimizer_model.ort in Resources */,
				6830A6252B9A73C70078918F /* rtu_eval_model.ort in Resources */,
				6830A6092B9A6A390078918F /* Assets.xcassets in Resources */,
				6830A6292B9A73C70078918F /* rtu_optimizer_model.ort in Resources */,
				6830A6262B9A73C70078918F /* rtu_training_model.ort in Resources */,
				6830A6282B9A73C70078918F /* rtu_checkpoint.ckpt in Resources */,
			);
			runOnlyForDeploymentPostprocessing = 0;
		};
/* End PBXResourcesBuildPhase section */

/* Begin PBXShellScriptBuildPhase section */
		4DEA515F89DF94C92737EFE8 /* [CP] Check Pods Manifest.lock */ = {
			isa = PBXShellScriptBuildPhase;
			buildActionMask = 2147483647;
			files = (
			);
			inputFileListPaths = (
			);
			inputPaths = (
				"${PODS_PODFILE_DIR_PATH}/Podfile.lock",
				"${PODS_ROOT}/Manifest.lock",
			);
			name = "[CP] Check Pods Manifest.lock";
			outputFileListPaths = (
			);
			outputPaths = (
				"$(DERIVED_FILE_DIR)/Pods-SampleOnnxTrainer-checkManifestLockResult.txt",
			);
			runOnlyForDeploymentPostprocessing = 0;
			shellPath = /bin/sh;
			shellScript = "diff \"${PODS_PODFILE_DIR_PATH}/Podfile.lock\" \"${PODS_ROOT}/Manifest.lock\" > /dev/null\nif [ $? != 0 ] ; then\n    # print error to STDERR\n    echo \"error: The sandbox is not in sync with the Podfile.lock. Run 'pod install' or update your CocoaPods installation.\" >&2\n    exit 1\nfi\n# This output is used by Xcode 'outputs' to avoid re-running this script phase.\necho \"SUCCESS\" > \"${SCRIPT_OUTPUT_FILE_0}\"\n";
			showEnvVarsInLog = 0;
		};
/* End PBXShellScriptBuildPhase section */

/* Begin PBXSourcesBuildPhase section */
		6830A5FD2B9A6A380078918F /* Sources */ = {
			isa = PBXSourcesBuildPhase;
			buildActionMask = 2147483647;
			files = (
				6830A6162B9A6DFC0078918F /* OnnxTrainingRunner.swift in Sources */,
				6830A61A2B9A6E8A0078918F /* OnnxErrors.swift in Sources */,
				B5BB6F752BBF543D00C8D2E7 /* OnnxInferenceRunner.swift in Sources */,
				6830A6072B9A6A380078918F /* ContentView.swift in Sources */,
				6830A6182B9A6E300078918F /* OnnxToolkit.swift in Sources */,
				6830A6052B9A6A380078918F /* SampleOnnxTrainerApp.swift in Sources */,
			);
			runOnlyForDeploymentPostprocessing = 0;
		};
/* End PBXSourcesBuildPhase section */

/* Begin XCBuildConfiguration section */
		6830A60D2B9A6A390078918F /* Debug */ = {
			isa = XCBuildConfiguration;
			buildSettings = {
				ALWAYS_SEARCH_USER_PATHS = NO;
				ASSETCATALOG_COMPILER_GENERATE_SWIFT_ASSET_SYMBOL_EXTENSIONS = YES;
				CLANG_ANALYZER_NONNULL = YES;
				CLANG_ANALYZER_NUMBER_OBJECT_CONVERSION = YES_AGGRESSIVE;
				CLANG_CXX_LANGUAGE_STANDARD = "gnu++20";
				CLANG_ENABLE_MODULES = YES;
				CLANG_ENABLE_OBJC_ARC = YES;
				CLANG_ENABLE_OBJC_WEAK = YES;
				CLANG_WARN_BLOCK_CAPTURE_AUTORELEASING = YES;
				CLANG_WARN_BOOL_CONVERSION = YES;
				CLANG_WARN_COMMA = YES;
				CLANG_WARN_CONSTANT_CONVERSION = YES;
				CLANG_WARN_DEPRECATED_OBJC_IMPLEMENTATIONS = YES;
				CLANG_WARN_DIRECT_OBJC_ISA_USAGE = YES_ERROR;
				CLANG_WARN_DOCUMENTATION_COMMENTS = YES;
				CLANG_WARN_EMPTY_BODY = YES;
				CLANG_WARN_ENUM_CONVERSION = YES;
				CLANG_WARN_INFINITE_RECURSION = YES;
				CLANG_WARN_INT_CONVERSION = YES;
				CLANG_WARN_NON_LITERAL_NULL_CONVERSION = YES;
				CLANG_WARN_OBJC_IMPLICIT_RETAIN_SELF = YES;
				CLANG_WARN_OBJC_LITERAL_CONVERSION = YES;
				CLANG_WARN_OBJC_ROOT_CLASS = YES_ERROR;
				CLANG_WARN_QUOTED_INCLUDE_IN_FRAMEWORK_HEADER = YES;
				CLANG_WARN_RANGE_LOOP_ANALYSIS = YES;
				CLANG_WARN_STRICT_PROTOTYPES = YES;
				CLANG_WARN_SUSPICIOUS_MOVE = YES;
				CLANG_WARN_UNGUARDED_AVAILABILITY = YES_AGGRESSIVE;
				CLANG_WARN_UNREACHABLE_CODE = YES;
				CLANG_WARN__DUPLICATE_METHOD_MATCH = YES;
				COPY_PHASE_STRIP = NO;
				DEBUG_INFORMATION_FORMAT = dwarf;
				ENABLE_STRICT_OBJC_MSGSEND = YES;
				ENABLE_TESTABILITY = YES;
				ENABLE_USER_SCRIPT_SANDBOXING = YES;
				GCC_C_LANGUAGE_STANDARD = gnu17;
				GCC_DYNAMIC_NO_PIC = NO;
				GCC_NO_COMMON_BLOCKS = YES;
				GCC_OPTIMIZATION_LEVEL = 0;
				GCC_PREPROCESSOR_DEFINITIONS = (
					"DEBUG=1",
					"$(inherited)",
				);
				GCC_WARN_64_TO_32_BIT_CONVERSION = YES;
				GCC_WARN_ABOUT_RETURN_TYPE = YES_ERROR;
				GCC_WARN_UNDECLARED_SELECTOR = YES;
				GCC_WARN_UNINITIALIZED_AUTOS = YES_AGGRESSIVE;
				GCC_WARN_UNUSED_FUNCTION = YES;
				GCC_WARN_UNUSED_VARIABLE = YES;
				IPHONEOS_DEPLOYMENT_TARGET = 17.0;
				LOCALIZATION_PREFERS_STRING_CATALOGS = YES;
				MTL_ENABLE_DEBUG_INFO = INCLUDE_SOURCE;
				MTL_FAST_MATH = YES;
				ONLY_ACTIVE_ARCH = YES;
				SDKROOT = iphoneos;
				SWIFT_ACTIVE_COMPILATION_CONDITIONS = "DEBUG $(inherited)";
				SWIFT_OPTIMIZATION_LEVEL = "-Onone";
			};
			name = Debug;
		};
		6830A60E2B9A6A390078918F /* Release */ = {
			isa = XCBuildConfiguration;
			buildSettings = {
				ALWAYS_SEARCH_USER_PATHS = NO;
				ASSETCATALOG_COMPILER_GENERATE_SWIFT_ASSET_SYMBOL_EXTENSIONS = YES;
				CLANG_ANALYZER_NONNULL = YES;
				CLANG_ANALYZER_NUMBER_OBJECT_CONVERSION = YES_AGGRESSIVE;
				CLANG_CXX_LANGUAGE_STANDARD = "gnu++20";
				CLANG_ENABLE_MODULES = YES;
				CLANG_ENABLE_OBJC_ARC = YES;
				CLANG_ENABLE_OBJC_WEAK = YES;
				CLANG_WARN_BLOCK_CAPTURE_AUTORELEASING = YES;
				CLANG_WARN_BOOL_CONVERSION = YES;
				CLANG_WARN_COMMA = YES;
				CLANG_WARN_CONSTANT_CONVERSION = YES;
				CLANG_WARN_DEPRECATED_OBJC_IMPLEMENTATIONS = YES;
				CLANG_WARN_DIRECT_OBJC_ISA_USAGE = YES_ERROR;
				CLANG_WARN_DOCUMENTATION_COMMENTS = YES;
				CLANG_WARN_EMPTY_BODY = YES;
				CLANG_WARN_ENUM_CONVERSION = YES;
				CLANG_WARN_INFINITE_RECURSION = YES;
				CLANG_WARN_INT_CONVERSION = YES;
				CLANG_WARN_NON_LITERAL_NULL_CONVERSION = YES;
				CLANG_WARN_OBJC_IMPLICIT_RETAIN_SELF = YES;
				CLANG_WARN_OBJC_LITERAL_CONVERSION = YES;
				CLANG_WARN_OBJC_ROOT_CLASS = YES_ERROR;
				CLANG_WARN_QUOTED_INCLUDE_IN_FRAMEWORK_HEADER = YES;
				CLANG_WARN_RANGE_LOOP_ANALYSIS = YES;
				CLANG_WARN_STRICT_PROTOTYPES = YES;
				CLANG_WARN_SUSPICIOUS_MOVE = YES;
				CLANG_WARN_UNGUARDED_AVAILABILITY = YES_AGGRESSIVE;
				CLANG_WARN_UNREACHABLE_CODE = YES;
				CLANG_WARN__DUPLICATE_METHOD_MATCH = YES;
				COPY_PHASE_STRIP = NO;
				DEBUG_INFORMATION_FORMAT = "dwarf-with-dsym";
				ENABLE_NS_ASSERTIONS = NO;
				ENABLE_STRICT_OBJC_MSGSEND = YES;
				ENABLE_USER_SCRIPT_SANDBOXING = YES;
				GCC_C_LANGUAGE_STANDARD = gnu17;
				GCC_NO_COMMON_BLOCKS = YES;
				GCC_WARN_64_TO_32_BIT_CONVERSION = YES;
				GCC_WARN_ABOUT_RETURN_TYPE = YES_ERROR;
				GCC_WARN_UNDECLARED_SELECTOR = YES;
				GCC_WARN_UNINITIALIZED_AUTOS = YES_AGGRESSIVE;
				GCC_WARN_UNUSED_FUNCTION = YES;
				GCC_WARN_UNUSED_VARIABLE = YES;
				IPHONEOS_DEPLOYMENT_TARGET = 17.0;
				LOCALIZATION_PREFERS_STRING_CATALOGS = YES;
				MTL_ENABLE_DEBUG_INFO = NO;
				MTL_FAST_MATH = YES;
				SDKROOT = iphoneos;
				SWIFT_COMPILATION_MODE = wholemodule;
				VALIDATE_PRODUCT = YES;
			};
			name = Release;
		};
		6830A6102B9A6A390078918F /* Debug */ = {
			isa = XCBuildConfiguration;
			baseConfigurationReference = 01004B2750881F8A0030C333 /* Pods-SampleOnnxTrainer.debug.xcconfig */;
			buildSettings = {
				ASSETCATALOG_COMPILER_APPICON_NAME = AppIcon;
				ASSETCATALOG_COMPILER_GLOBAL_ACCENT_COLOR_NAME = AccentColor;
				CODE_SIGN_STYLE = Automatic;
				CURRENT_PROJECT_VERSION = 1;
				DEVELOPMENT_ASSET_PATHS = "\"SampleOnnxTrainer/Preview Content\"";
				ENABLE_PREVIEWS = YES;
				GENERATE_INFOPLIST_FILE = YES;
				INFOPLIST_KEY_UIApplicationSceneManifest_Generation = YES;
				INFOPLIST_KEY_UIApplicationSupportsIndirectInputEvents = YES;
				INFOPLIST_KEY_UILaunchScreen_Generation = YES;
				INFOPLIST_KEY_UISupportedInterfaceOrientations_iPad = "UIInterfaceOrientationPortrait UIInterfaceOrientationPortraitUpsideDown UIInterfaceOrientationLandscapeLeft UIInterfaceOrientationLandscapeRight";
				INFOPLIST_KEY_UISupportedInterfaceOrientations_iPhone = "UIInterfaceOrientationPortrait UIInterfaceOrientationLandscapeLeft UIInterfaceOrientationLandscapeRight";
				LD_RUNPATH_SEARCH_PATHS = (
					"$(inherited)",
					"@executable_path/Frameworks",
				);
				MARKETING_VERSION = 1.0;
				PRODUCT_BUNDLE_IDENTIFIER = com.linkedin.SampleOnnxTrainer;
				PRODUCT_NAME = "$(TARGET_NAME)";
				SWIFT_EMIT_LOC_STRINGS = YES;
				SWIFT_VERSION = 5.0;
				TARGETED_DEVICE_FAMILY = "1,2";
			};
			name = Debug;
		};
		6830A6112B9A6A390078918F /* Release */ = {
			isa = XCBuildConfiguration;
			baseConfigurationReference = F4ACDF29E8DBFEE3C1859558 /* Pods-SampleOnnxTrainer.release.xcconfig */;
			buildSettings = {
				ASSETCATALOG_COMPILER_APPICON_NAME = AppIcon;
				ASSETCATALOG_COMPILER_GLOBAL_ACCENT_COLOR_NAME = AccentColor;
				CODE_SIGN_STYLE = Automatic;
				CURRENT_PROJECT_VERSION = 1;
				DEVELOPMENT_ASSET_PATHS = "\"SampleOnnxTrainer/Preview Content\"";
				ENABLE_PREVIEWS = YES;
				GENERATE_INFOPLIST_FILE = YES;
				INFOPLIST_KEY_UIApplicationSceneManifest_Generation = YES;
				INFOPLIST_KEY_UIApplicationSupportsIndirectInputEvents = YES;
				INFOPLIST_KEY_UILaunchScreen_Generation = YES;
				INFOPLIST_KEY_UISupportedInterfaceOrientations_iPad = "UIInterfaceOrientationPortrait UIInterfaceOrientationPortraitUpsideDown UIInterfaceOrientationLandscapeLeft UIInterfaceOrientationLandscapeRight";
				INFOPLIST_KEY_UISupportedInterfaceOrientations_iPhone = "UIInterfaceOrientationPortrait UIInterfaceOrientationLandscapeLeft UIInterfaceOrientationLandscapeRight";
				LD_RUNPATH_SEARCH_PATHS = (
					"$(inherited)",
					"@executable_path/Frameworks",
				);
				MARKETING_VERSION = 1.0;
				PRODUCT_BUNDLE_IDENTIFIER = com.linkedin.SampleOnnxTrainer;
				PRODUCT_NAME = "$(TARGET_NAME)";
				SWIFT_EMIT_LOC_STRINGS = YES;
				SWIFT_VERSION = 5.0;
				TARGETED_DEVICE_FAMILY = "1,2";
			};
			name = Release;
		};
/* End XCBuildConfiguration section */

/* Begin XCConfigurationList section */
		6830A5FC2B9A6A380078918F /* Build configuration list for PBXProject "SampleOnnxTrainer" */ = {
			isa = XCConfigurationList;
			buildConfigurations = (
				6830A60D2B9A6A390078918F /* Debug */,
				6830A60E2B9A6A390078918F /* Release */,
			);
			defaultConfigurationIsVisible = 0;
			defaultConfigurationName = Release;
		};
		6830A60F2B9A6A390078918F /* Build configuration list for PBXNativeTarget "SampleOnnxTrainer" */ = {
			isa = XCConfigurationList;
			buildConfigurations = (
				6830A6102B9A6A390078918F /* Debug */,
				6830A6112B9A6A390078918F /* Release */,
			);
			defaultConfigurationIsVisible = 0;
			defaultConfigurationName = Release;
		};
/* End XCConfigurationList section */
	};
	rootObject = 6830A5F92B9A6A380078918F /* Project object */;
}
